
Microsoft Visual Studio Solution File, Format Version 12.00
# Visual Studio Version 17
VisualStudioVersion = 17.14.36408.4
MinimumVisualStudioVersion = 10.0.40219.1
Project("{FAE04EC0-301F-11D3-BF4B-00C04F79EFBC}") = "Stopwatch", "Štoperica\Stopwatch.csproj", "{CE07977D-AB53-4AA2-B5AB-1A6541D6EE66}"
EndProject
Global
	GlobalSection(SolutionConfigurationPlatforms) = preSolution
		Debug|Any CPU = Debug|Any CPU
		Release|Any CPU = Release|Any CPU
	EndGlobalSection
	GlobalSection(ProjectConfigurationPlatforms) = postSolution
		{CE07977D-AB53-4AA2-B5AB-1A6541D6EE66}.Debug|Any CPU.ActiveCfg = Debug|Any CPU
		{CE07977D-AB53-4AA2-B5AB-1A6541D6EE66}.Debug|Any CPU.Build.0 = Debug|Any CPU
		{CE07977D-AB53-4AA2-B5AB-1A6541D6EE66}.Release|Any CPU.ActiveCfg = Release|Any CPU
		{CE07977D-AB53-4AA2-B5AB-1A6541D6EE66}.Release|Any CPU.Build.0 = Release|Any CPU
	EndGlobalSection
	GlobalSection(SolutionProperties) = preSolution
		HideSolutionNode = FALSE
	EndGlobalSection
	GlobalSection(ExtensibilityGlobals) = postSolution
		SolutionGuid = {29B9EBF7-CDC9-4064-8151-AF8EC8294560}
	EndGlobalSection
EndGlobal
